PODS:
  - Alamofire (1.1.0)
  - JTSImageViewController (1.4)
  - Masonry (0.5.3)
  - Nimble (0.2.0)
  - pop (1.0.7)
  - Quick (0.2.0)
  - SSDataSources (0.8.0)
  - TTTAttributedLabel (1.12.0)

DEPENDENCIES:
  - Alamofire (from `https://github.com/mrackwitz/Alamofire.git`, branch `podspec`)
  - JTSImageViewController
  - Masonry
  - Nimble (from `https://github.com/Quick/Nimble`)
  - pop
  - Quick (from `https://github.com/Quick/Quick`)
  - SSDataSources (= 0.8.0)
  - TTTAttributedLabel

EXTERNAL SOURCES:
  Alamofire:
    :branch: podspec
    :git: https://github.com/mrackwitz/Alamofire.git
  Nimble:
    :git: https://github.com/Quick/Nimble
  Quick:
    :git: https://github.com/Quick/Quick

CHECKOUT OPTIONS:
  Alamofire:
    :commit: caa66f74e10471e1577d73e16e8c03d0557a54ab
    :git: https://github.com/mrackwitz/Alamofire.git
  Nimble:
    :commit: b06688243190c089265cd7e99778a811a1ffdac2
    :git: https://github.com/Quick/Nimble
  Quick:
    :commit: c1ad99697e45992a1aab11e6ddcf02fb0fb3a5e2
    :git: https://github.com/Quick/Quick

SPEC CHECKSUMS:
  Alamofire: 4cff790102216d69f3b12dd69885c468870d51e9
  JTSImageViewController: 9fe6402194b7679f0e28d0c1002d6164301fc34a
  Masonry: 35368c2ca9577ca87722c12fc52c4bad9b1c1516
  Nimble: 7a24fd5e6be10334811078c02ee406a30ea2c89d
  pop: 2f14a1ea61339767af9e66741b418c831b3844df
  Quick: 1b2e5892266a111ec2e13f925f8a4103978f13f8
  SSDataSources: 4a9f4ecbc390e107c98002a91181e671429bc7b4
  TTTAttributedLabel: 9825f9b6c8f1c01939fa26827e59b7586483a45b

COCOAPODS: 0.35.0
