PODS:
  - Alamofire (1.1.0)
  - CYRTextView (0.4.0)
  - JTSImageViewController (1.4)
  - KIF (3.1.0):
    - KIF/XCTest (= 3.1.0)
  - KIF/XCTest (3.1.0)
  - Nimble (0.2.0)
  - pop (1.0.7)
  - Quick (0.2.0)
  - SSDataSources (0.8.0)
  - TTTAttributedLabel (1.13.0)

DEPENDENCIES:
  - Alamofire (from `https://github.com/mrackwitz/Alamofire.git`, branch `podspec`)
  - CYRTextView
  - JTSImageViewController
  - KIF
  - Nimble (from `https://github.com/Quick/Nimble`)
  - pop
  - Quick (from `https://github.com/Quick/Quick`)
  - SSDataSources (= 0.8.0)
  - TTTAttributedLabel

EXTERNAL SOURCES:
  Alamofire:
    :branch: podspec
    :git: https://github.com/mrackwitz/Alamofire.git
  Nimble:
    :git: https://github.com/Quick/Nimble
  Quick:
    :git: https://github.com/Quick/Quick

CHECKOUT OPTIONS:
  Alamofire:
    :commit: caa66f74e10471e1577d73e16e8c03d0557a54ab
    :git: https://github.com/mrackwitz/Alamofire.git
  Nimble:
    :commit: 89affdde2b3bc946b4ff33683dc3b573548e9c3c
    :git: https://github.com/Quick/Nimble
  Quick:
    :commit: 4a603af78f78898a29f7859d55e6bcf151d698a9
    :git: https://github.com/Quick/Quick

SPEC CHECKSUMS:
  Alamofire: 4cff790102216d69f3b12dd69885c468870d51e9
  CYRTextView: 0ac6cf1da8ef5736fc78ea37978be50e51392c75
  JTSImageViewController: 9fe6402194b7679f0e28d0c1002d6164301fc34a
  KIF: de7c7f4aea08179c65d963a3c5ec438ee6408e8c
  Nimble: 7a24fd5e6be10334811078c02ee406a30ea2c89d
  pop: 2f14a1ea61339767af9e66741b418c831b3844df
  Quick: 1b2e5892266a111ec2e13f925f8a4103978f13f8
  SSDataSources: 4a9f4ecbc390e107c98002a91181e671429bc7b4
  TTTAttributedLabel: a847b59a75c92d59f4eabc9cc1745704cff2dc36

COCOAPODS: 0.36.0.beta.1
